// !$*UTF8*$!
{
	archiveVersion = 1;
	classes = {
	};
	objectVersion = 46;
	objects = {

/* Begin PBXBuildFile section */
		3201088596B4756681693705 /* libThree20UICommon.a in Frameworks */ = {isa = PBXBuildFile; fileRef = 3201088596B4756681693704 /* libThree20UICommon.a */; };
		320A2827FEC940B25BC42C65 /* libThree20Core.a in Frameworks */ = {isa = PBXBuildFile; fileRef = 320A2827FEC940B25BC42C64 /* libThree20Core.a */; };
		320A5A189C235877202780D5 /* libThree20Network.a in Frameworks */ = {isa = PBXBuildFile; fileRef = 320A5A189C235877202780D4 /* libThree20Network.a */; };
		320A737074758E53BA54BE95 /* libThree20UINavigator.a in Frameworks */ = {isa = PBXBuildFile; fileRef = 320A737074758E53BA54BE94 /* libThree20UINavigator.a */; };
		320AF8492C47A4D819F7C451 /* QuartzCore.framework in Frameworks */ = {isa = PBXBuildFile; fileRef = 320AF8492C47A4D819F7C450 /* QuartzCore.framework */; };
		320B6C86F11D9990244A9731 /* Three20.bundle in Resources */ = {isa = PBXBuildFile; fileRef = 320B6C86F11D9990244A9730 /* Three20.bundle */; };
		320CC833B8AF0ACFD35E6225 /* libThree20Style.a in Frameworks */ = {isa = PBXBuildFile; fileRef = 320CC833B8AF0ACFD35E6224 /* libThree20Style.a */; };
		320D7DCCE32703ACAB9A45E5 /* libThree20.a in Frameworks */ = {isa = PBXBuildFile; fileRef = 320D7DCCE32703ACAB9A45E4 /* libThree20.a */; };
		320F2C48872C2E2C4DF86205 /* libThree20UI.a in Frameworks */ = {isa = PBXBuildFile; fileRef = 320F2C48872C2E2C4DF86204 /* libThree20UI.a */; };
		B0E0667513A8BD5500C16279 /* Cocoa.framework in Frameworks */ = {isa = PBXBuildFile; fileRef = B0E0667413A8BD5500C16279 /* Cocoa.framework */; };
		B0E0667F13A8BD5500C16279 /* InfoPlist.strings in Resources */ = {isa = PBXBuildFile; fileRef = B0E0667D13A8BD5500C16279 /* InfoPlist.strings */; };
		B0E0668213A8BD5500C16279 /* main.m in Sources */ = {isa = PBXBuildFile; fileRef = B0E0668113A8BD5500C16279 /* main.m */; };
		B0E0668513A8BD5500C16279 /* Credits.rtf in Resources */ = {isa = PBXBuildFile; fileRef = B0E0668313A8BD5500C16279 /* Credits.rtf */; };
		B0E0668813A8BD5500C16279 /* three20MacSampleAppDelegate.m in Sources */ = {isa = PBXBuildFile; fileRef = B0E0668713A8BD5500C16279 /* three20MacSampleAppDelegate.m */; };
		B0E0668B13A8BD5500C16279 /* MainMenu.xib in Resources */ = {isa = PBXBuildFile; fileRef = B0E0668913A8BD5500C16279 /* MainMenu.xib */; };
		B0E0669213A8BD5600C16279 /* Cocoa.framework in Frameworks */ = {isa = PBXBuildFile; fileRef = B0E0667413A8BD5500C16279 /* Cocoa.framework */; };
		B0E0669A13A8BD5600C16279 /* InfoPlist.strings in Resources */ = {isa = PBXBuildFile; fileRef = B0E0669813A8BD5600C16279 /* InfoPlist.strings */; };
		B0E0669D13A8BD5600C16279 /* three20MacSampleTests.h in Resources */ = {isa = PBXBuildFile; fileRef = B0E0669C13A8BD5600C16279 /* three20MacSampleTests.h */; };
		B0E0669F13A8BD5600C16279 /* three20MacSampleTests.m in Sources */ = {isa = PBXBuildFile; fileRef = B0E0669E13A8BD5600C16279 /* three20MacSampleTests.m */; };
		B0E8E63813A8DB8700F9BEBA /* UIKit.framework in CopyFiles */ = {isa = PBXBuildFile; fileRef = B0E8E63713A8DB8700F9BEBA /* UIKit.framework */; };
		B0E8E63A13A8DB9F00F9BEBA /* UIKit.framework in Frameworks */ = {isa = PBXBuildFile; fileRef = B0E8E63913A8DB9F00F9BEBA /* UIKit.framework */; };
		B0E8E63D13A8DBC200F9BEBA /* TTImageViewMac.m in Sources */ = {isa = PBXBuildFile; fileRef = B0E8E63C13A8DBC200F9BEBA /* TTImageViewMac.m */; };
		B0E8E64713A8E2E900F9BEBA /* loading.png in Resources */ = {isa = PBXBuildFile; fileRef = B0E8E64613A8E2E800F9BEBA /* loading.png */; };
/* End PBXBuildFile section */

/* Begin PBXContainerItemProxy section */
		3201088596B4756681693702 /* PBXContainerItemProxy */ = {
			isa = PBXContainerItemProxy;
			containerPortal = 3201088596B4756681693700 /* Three20UICommon.xcodeproj */;
			proxyType = 1;
			remoteGlobalIDString = BEF31F390F352DF5000DE5D2;
			remoteInfo = Three20UICommon;
		};
		3201088596B4756681693706 /* PBXContainerItemProxy */ = {
			isa = PBXContainerItemProxy;
			containerPortal = 3201088596B4756681693700 /* Three20UICommon.xcodeproj */;
			proxyType = 2;
			remoteGlobalIDString = BEF31F3A0F352DF5000DE5D2;
			remoteInfo = Three20UICommon;
		};
		320A2827FEC940B25BC42C62 /* PBXContainerItemProxy */ = {
			isa = PBXContainerItemProxy;
			containerPortal = 320A2827FEC940B25BC42C60 /* Three20Core.xcodeproj */;
			proxyType = 1;
			remoteGlobalIDString = BEF31F390F352DF5000DE5D2;
			remoteInfo = Three20Core;
		};
		320A2827FEC940B25BC42C66 /* PBXContainerItemProxy */ = {
			isa = PBXContainerItemProxy;
			containerPortal = 320A2827FEC940B25BC42C60 /* Three20Core.xcodeproj */;
			proxyType = 2;
			remoteGlobalIDString = BEF31F3A0F352DF5000DE5D2;
			remoteInfo = Three20Core;
		};
		320A5A189C235877202780D2 /* PBXContainerItemProxy */ = {
			isa = PBXContainerItemProxy;
			containerPortal = 320A5A189C235877202780D0 /* Three20Network.xcodeproj */;
			proxyType = 1;
			remoteGlobalIDString = BEF31F390F352DF5000DE5D2;
			remoteInfo = Three20Network;
		};
		320A5A189C235877202780D6 /* PBXContainerItemProxy */ = {
			isa = PBXContainerItemProxy;
			containerPortal = 320A5A189C235877202780D0 /* Three20Network.xcodeproj */;
			proxyType = 2;
			remoteGlobalIDString = BEF31F3A0F352DF5000DE5D2;
			remoteInfo = Three20Network;
		};
		320A737074758E53BA54BE92 /* PBXContainerItemProxy */ = {
			isa = PBXContainerItemProxy;
			containerPortal = 320A737074758E53BA54BE90 /* Three20UINavigator.xcodeproj */;
			proxyType = 1;
			remoteGlobalIDString = BEF31F390F352DF5000DE5D2;
			remoteInfo = Three20UINavigator;
		};
		320A737074758E53BA54BE96 /* PBXContainerItemProxy */ = {
			isa = PBXContainerItemProxy;
			containerPortal = 320A737074758E53BA54BE90 /* Three20UINavigator.xcodeproj */;
			proxyType = 2;
			remoteGlobalIDString = BEF31F3A0F352DF5000DE5D2;
			remoteInfo = Three20UINavigator;
		};
		320CC833B8AF0ACFD35E6222 /* PBXContainerItemProxy */ = {
			isa = PBXContainerItemProxy;
			containerPortal = 320CC833B8AF0ACFD35E6220 /* Three20Style.xcodeproj */;
			proxyType = 1;
			remoteGlobalIDString = BEF31F390F352DF5000DE5D2;
			remoteInfo = Three20Style;
		};
		320CC833B8AF0ACFD35E6226 /* PBXContainerItemProxy */ = {
			isa = PBXContainerItemProxy;
			containerPortal = 320CC833B8AF0ACFD35E6220 /* Three20Style.xcodeproj */;
			proxyType = 2;
			remoteGlobalIDString = BEF31F3A0F352DF5000DE5D2;
			remoteInfo = Three20Style;
		};
		320D7DCCE32703ACAB9A45E2 /* PBXContainerItemProxy */ = {
			isa = PBXContainerItemProxy;
			containerPortal = 320D7DCCE32703ACAB9A45E0 /* Three20.xcodeproj */;
			proxyType = 1;
			remoteGlobalIDString = BEF31F390F352DF5000DE5D2;
			remoteInfo = Three20;
		};
		320D7DCCE32703ACAB9A45E6 /* PBXContainerItemProxy */ = {
			isa = PBXContainerItemProxy;
			containerPortal = 320D7DCCE32703ACAB9A45E0 /* Three20.xcodeproj */;
			proxyType = 2;
			remoteGlobalIDString = BEF31F3A0F352DF5000DE5D2;
			remoteInfo = Three20;
		};
		320F2C48872C2E2C4DF86202 /* PBXContainerItemProxy */ = {
			isa = PBXContainerItemProxy;
			containerPortal = 320F2C48872C2E2C4DF86200 /* Three20UI.xcodeproj */;
			proxyType = 1;
			remoteGlobalIDString = BEF31F390F352DF5000DE5D2;
			remoteInfo = Three20UI;
		};
		320F2C48872C2E2C4DF86206 /* PBXContainerItemProxy */ = {
			isa = PBXContainerItemProxy;
			containerPortal = 320F2C48872C2E2C4DF86200 /* Three20UI.xcodeproj */;
			proxyType = 2;
			remoteGlobalIDString = BEF31F3A0F352DF5000DE5D2;
			remoteInfo = Three20UI;
		};
		B0E0669313A8BD5600C16279 /* PBXContainerItemProxy */ = {
			isa = PBXContainerItemProxy;
			containerPortal = B0E0666713A8BD5500C16279 /* Project object */;
			proxyType = 1;
			remoteGlobalIDString = B0E0666F13A8BD5500C16279;
			remoteInfo = three20MacSample;
		};
		B0E066B113A8BEC900C16279 /* PBXContainerItemProxy */ = {
			isa = PBXContainerItemProxy;
			containerPortal = B0E066AA13A8BEC800C16279 /* UIKit.xcodeproj */;
			proxyType = 2;
			remoteGlobalIDString = 8DC2EF5B0486A6940098B216;
			remoteInfo = UIKit;
		};
		B0E066FA13A8BF9500C16279 /* PBXContainerItemProxy */ = {
			isa = PBXContainerItemProxy;
			containerPortal = 320D7DCCE32703ACAB9A45E0 /* Three20.xcodeproj */;
			proxyType = 2;
			remoteGlobalIDString = EB9E6C6210B6A8F800DE563C;
			remoteInfo = Three20UnitTests;
		};
		B0E066FD13A8BF9500C16279 /* PBXContainerItemProxy */ = {
			isa = PBXContainerItemProxy;
			containerPortal = 320A2827FEC940B25BC42C60 /* Three20Core.xcodeproj */;
			proxyType = 2;
			remoteGlobalIDString = EB9E6C6210B6A8F800DE563C;
			remoteInfo = Three20CoreUnitTests;
		};
		B0E0670013A8BF9500C16279 /* PBXContainerItemProxy */ = {
			isa = PBXContainerItemProxy;
			containerPortal = 320A5A189C235877202780D0 /* Three20Network.xcodeproj */;
			proxyType = 2;
			remoteGlobalIDString = EB9E6C6210B6A8F800DE563C;
			remoteInfo = Three20NetworkUnitTests;
		};
		B0E0670313A8BF9500C16279 /* PBXContainerItemProxy */ = {
			isa = PBXContainerItemProxy;
			containerPortal = 320CC833B8AF0ACFD35E6220 /* Three20Style.xcodeproj */;
			proxyType = 2;
			remoteGlobalIDString = EB9E6C6210B6A8F800DE563C;
			remoteInfo = Three20StyleUnitTests;
		};
		B0E0670613A8BF9500C16279 /* PBXContainerItemProxy */ = {
			isa = PBXContainerItemProxy;
			containerPortal = 320F2C48872C2E2C4DF86200 /* Three20UI.xcodeproj */;
			proxyType = 2;
			remoteGlobalIDString = EB9E6C6210B6A8F800DE563C;
			remoteInfo = Three20UIUnitTests;
		};
		B0E0670913A8BF9500C16279 /* PBXContainerItemProxy */ = {
			isa = PBXContainerItemProxy;
			containerPortal = 3201088596B4756681693700 /* Three20UICommon.xcodeproj */;
			proxyType = 2;
			remoteGlobalIDString = EB9E6C6210B6A8F800DE563C;
			remoteInfo = Three20UICommonUnitTests;
		};
		B0E0670C13A8BF9500C16279 /* PBXContainerItemProxy */ = {
			isa = PBXContainerItemProxy;
			containerPortal = 320A737074758E53BA54BE90 /* Three20UINavigator.xcodeproj */;
			proxyType = 2;
			remoteGlobalIDString = EB9E6C6210B6A8F800DE563C;
			remoteInfo = Three20UINavigatorUnitTests;
		};
		B0E8E63313A8DB4E00F9BEBA /* PBXContainerItemProxy */ = {
			isa = PBXContainerItemProxy;
			containerPortal = B0E066AA13A8BEC800C16279 /* UIKit.xcodeproj */;
			proxyType = 1;
			remoteGlobalIDString = 8DC2EF4F0486A6940098B216;
			remoteInfo = UIKit;
		};
/* End PBXContainerItemProxy section */

/* Begin PBXCopyFilesBuildPhase section */
		B0E0671B13A8C0F300C16279 /* CopyFiles */ = {
			isa = PBXCopyFilesBuildPhase;
			buildActionMask = 2147483647;
			dstPath = "";
			dstSubfolderSpec = 10;
			files = (
				B0E8E63813A8DB8700F9BEBA /* UIKit.framework in CopyFiles */,
			);
			runOnlyForDeploymentPostprocessing = 0;
		};
/* End PBXCopyFilesBuildPhase section */

/* Begin PBXFileReference section */
		3201088596B4756681693700 /* Three20UICommon.xcodeproj */ = {isa = PBXFileReference; lastKnownFileType = "wrapper.pb-project"; name = Three20UICommon.xcodeproj; path = ../three20/src/Three20UICommon/Three20UICommon.xcodeproj; sourceTree = SOURCE_ROOT; };
		320A2827FEC940B25BC42C60 /* Three20Core.xcodeproj */ = {isa = PBXFileReference; lastKnownFileType = "wrapper.pb-project"; name = Three20Core.xcodeproj; path = ../three20/src/Three20Core/Three20Core.xcodeproj; sourceTree = SOURCE_ROOT; };
		320A5A189C235877202780D0 /* Three20Network.xcodeproj */ = {isa = PBXFileReference; lastKnownFileType = "wrapper.pb-project"; name = Three20Network.xcodeproj; path = ../three20/src/Three20Network/Three20Network.xcodeproj; sourceTree = SOURCE_ROOT; };
		320A737074758E53BA54BE90 /* Three20UINavigator.xcodeproj */ = {isa = PBXFileReference; lastKnownFileType = "wrapper.pb-project"; name = Three20UINavigator.xcodeproj; path = ../three20/src/Three20UINavigator/Three20UINavigator.xcodeproj; sourceTree = SOURCE_ROOT; };
		320AF8492C47A4D819F7C450 /* QuartzCore.framework */ = {isa = PBXFileReference; lastKnownFileType = wrapper.framework; name = QuartzCore.framework; path = System/Library/Frameworks/QuartzCore.framework; sourceTree = SDKROOT; };
		320B6C86F11D9990244A9730 /* Three20.bundle */ = {isa = PBXFileReference; lastKnownFileType = "wrapper.plug-in"; name = Three20.bundle; path = ../three20/src/Three20.bundle; sourceTree = SOURCE_ROOT; };
		320CC833B8AF0ACFD35E6220 /* Three20Style.xcodeproj */ = {isa = PBXFileReference; lastKnownFileType = "wrapper.pb-project"; name = Three20Style.xcodeproj; path = ../three20/src/Three20Style/Three20Style.xcodeproj; sourceTree = SOURCE_ROOT; };
		320D7DCCE32703ACAB9A45E0 /* Three20.xcodeproj */ = {isa = PBXFileReference; lastKnownFileType = "wrapper.pb-project"; name = Three20.xcodeproj; path = ../three20/src/Three20/Three20.xcodeproj; sourceTree = SOURCE_ROOT; };
		320F2C48872C2E2C4DF86200 /* Three20UI.xcodeproj */ = {isa = PBXFileReference; lastKnownFileType = "wrapper.pb-project"; name = Three20UI.xcodeproj; path = ../three20/src/Three20UI/Three20UI.xcodeproj; sourceTree = SOURCE_ROOT; };
		B0E0667013A8BD5500C16279 /* three20MacSample.app */ = {isa = PBXFileReference; explicitFileType = wrapper.application; includeInIndex = 0; path = three20MacSample.app; sourceTree = BUILT_PRODUCTS_DIR; };
		B0E0667413A8BD5500C16279 /* Cocoa.framework */ = {isa = PBXFileReference; lastKnownFileType = wrapper.framework; name = Cocoa.framework; path = System/Library/Frameworks/Cocoa.framework; sourceTree = SDKROOT; };
		B0E0667713A8BD5500C16279 /* AppKit.framework */ = {isa = PBXFileReference; lastKnownFileType = wrapper.framework; name = AppKit.framework; path = System/Library/Frameworks/AppKit.framework; sourceTree = SDKROOT; };
		B0E0667813A8BD5500C16279 /* CoreData.framework */ = {isa = PBXFileReference; lastKnownFileType = wrapper.framework; name = CoreData.framework; path = System/Library/Frameworks/CoreData.framework; sourceTree = SDKROOT; };
		B0E0667913A8BD5500C16279 /* Foundation.framework */ = {isa = PBXFileReference; lastKnownFileType = wrapper.framework; name = Foundation.framework; path = System/Library/Frameworks/Foundation.framework; sourceTree = SDKROOT; };
		B0E0667C13A8BD5500C16279 /* three20MacSample-Info.plist */ = {isa = PBXFileReference; lastKnownFileType = text.plist.xml; path = "three20MacSample-Info.plist"; sourceTree = "<group>"; };
		B0E0667E13A8BD5500C16279 /* en */ = {isa = PBXFileReference; lastKnownFileType = text.plist.strings; name = en; path = en.lproj/InfoPlist.strings; sourceTree = "<group>"; };
		B0E0668013A8BD5500C16279 /* three20MacSample-Prefix.pch */ = {isa = PBXFileReference; lastKnownFileType = sourcecode.c.h; path = "three20MacSample-Prefix.pch"; sourceTree = "<group>"; };
		B0E0668113A8BD5500C16279 /* main.m */ = {isa = PBXFileReference; lastKnownFileType = sourcecode.c.objc; path = main.m; sourceTree = "<group>"; };
		B0E0668413A8BD5500C16279 /* en */ = {isa = PBXFileReference; lastKnownFileType = text.rtf; name = en; path = en.lproj/Credits.rtf; sourceTree = "<group>"; };
		B0E0668613A8BD5500C16279 /* three20MacSampleAppDelegate.h */ = {isa = PBXFileReference; lastKnownFileType = sourcecode.c.h; path = three20MacSampleAppDelegate.h; sourceTree = "<group>"; };
		B0E0668713A8BD5500C16279 /* three20MacSampleAppDelegate.m */ = {isa = PBXFileReference; lastKnownFileType = sourcecode.c.objc; path = three20MacSampleAppDelegate.m; sourceTree = "<group>"; };
		B0E0668A13A8BD5500C16279 /* en */ = {isa = PBXFileReference; lastKnownFileType = file.xib; name = en; path = en.lproj/MainMenu.xib; sourceTree = "<group>"; };
		B0E0669113A8BD5600C16279 /* three20MacSampleTests.octest */ = {isa = PBXFileReference; explicitFileType = wrapper.cfbundle; includeInIndex = 0; path = three20MacSampleTests.octest; sourceTree = BUILT_PRODUCTS_DIR; };
		B0E0669713A8BD5600C16279 /* three20MacSampleTests-Info.plist */ = {isa = PBXFileReference; lastKnownFileType = text.plist.xml; path = "three20MacSampleTests-Info.plist"; sourceTree = "<group>"; };
		B0E0669913A8BD5600C16279 /* en */ = {isa = PBXFileReference; lastKnownFileType = text.plist.strings; name = en; path = en.lproj/InfoPlist.strings; sourceTree = "<group>"; };
		B0E0669B13A8BD5600C16279 /* three20MacSampleTests-Prefix.pch */ = {isa = PBXFileReference; lastKnownFileType = sourcecode.c.h; path = "three20MacSampleTests-Prefix.pch"; sourceTree = "<group>"; };
		B0E0669C13A8BD5600C16279 /* three20MacSampleTests.h */ = {isa = PBXFileReference; lastKnownFileType = sourcecode.c.h; path = three20MacSampleTests.h; sourceTree = "<group>"; };
		B0E0669E13A8BD5600C16279 /* three20MacSampleTests.m */ = {isa = PBXFileReference; lastKnownFileType = sourcecode.c.objc; path = three20MacSampleTests.m; sourceTree = "<group>"; };
		B0E066AA13A8BEC800C16279 /* UIKit.xcodeproj */ = {isa = PBXFileReference; lastKnownFileType = "wrapper.pb-project"; name = UIKit.xcodeproj; path = ../../Chameleon/UIKit/UIKit.xcodeproj; sourceTree = "<group>"; };
		B0E8E63713A8DB8700F9BEBA /* UIKit.framework */ = {isa = PBXFileReference; explicitFileType = wrapper.framework; path = UIKit.framework; sourceTree = BUILT_PRODUCTS_DIR; };
		B0E8E63913A8DB9F00F9BEBA /* UIKit.framework */ = {isa = PBXFileReference; explicitFileType = wrapper.framework; path = UIKit.framework; sourceTree = BUILT_PRODUCTS_DIR; };
		B0E8E63B13A8DBC200F9BEBA /* TTImageViewMac.h */ = {isa = PBXFileReference; fileEncoding = 4; lastKnownFileType = sourcecode.c.h; path = TTImageViewMac.h; sourceTree = "<group>"; };
		B0E8E63C13A8DBC200F9BEBA /* TTImageViewMac.m */ = {isa = PBXFileReference; fileEncoding = 4; lastKnownFileType = sourcecode.c.objc; path = TTImageViewMac.m; sourceTree = "<group>"; };
		B0E8E64613A8E2E800F9BEBA /* loading.png */ = {isa = PBXFileReference; lastKnownFileType = image.png; path = loading.png; sourceTree = "<group>"; };
/* End PBXFileReference section */

/* Begin PBXFrameworksBuildPhase section */
		B0E0666D13A8BD5500C16279 /* Frameworks */ = {
			isa = PBXFrameworksBuildPhase;
			buildActionMask = 2147483647;
			files = (
				3201088596B4756681693705 /* libThree20UICommon.a in Frameworks */,
				320D7DCCE32703ACAB9A45E5 /* libThree20.a in Frameworks */,
				320A737074758E53BA54BE95 /* libThree20UINavigator.a in Frameworks */,
				320A2827FEC940B25BC42C65 /* libThree20Core.a in Frameworks */,
				B0E8E63A13A8DB9F00F9BEBA /* UIKit.framework in Frameworks */,
				320F2C48872C2E2C4DF86205 /* libThree20UI.a in Frameworks */,
				320AF8492C47A4D819F7C451 /* QuartzCore.framework in Frameworks */,
				320A5A189C235877202780D5 /* libThree20Network.a in Frameworks */,
				320CC833B8AF0ACFD35E6225 /* libThree20Style.a in Frameworks */,
				B0E0667513A8BD5500C16279 /* Cocoa.framework in Frameworks */,
			);
			runOnlyForDeploymentPostprocessing = 0;
		};
		B0E0668D13A8BD5600C16279 /* Frameworks */ = {
			isa = PBXFrameworksBuildPhase;
			buildActionMask = 2147483647;
			files = (
				B0E0669213A8BD5600C16279 /* Cocoa.framework in Frameworks */,
			);
			runOnlyForDeploymentPostprocessing = 0;
		};
/* End PBXFrameworksBuildPhase section */

/* Begin PBXGroup section */
		3201088596B4756681693703 /* Products */ = {
			isa = PBXGroup;
			children = (
				3201088596B4756681693704 /* libThree20UICommon.a */,
				B0E0670A13A8BF9500C16279 /* UICommonUnitTests.octest */,
			);
			name = Products;
			sourceTree = "<group>";
		};
		320A2827FEC940B25BC42C63 /* Products */ = {
			isa = PBXGroup;
			children = (
				320A2827FEC940B25BC42C64 /* libThree20Core.a */,
				B0E066FE13A8BF9500C16279 /* CoreUnitTests.octest */,
			);
			name = Products;
			sourceTree = "<group>";
		};
		320A5A189C235877202780D3 /* Products */ = {
			isa = PBXGroup;
			children = (
				320A5A189C235877202780D4 /* libThree20Network.a */,
				B0E0670113A8BF9500C16279 /* NetworkUnitTests.octest */,
			);
			name = Products;
			sourceTree = "<group>";
		};
		320A737074758E53BA54BE93 /* Products */ = {
			isa = PBXGroup;
			children = (
				320A737074758E53BA54BE94 /* libThree20UINavigator.a */,
				B0E0670D13A8BF9500C16279 /* UINavigatorUnitTests.octest */,
			);
			name = Products;
			sourceTree = "<group>";
		};
		320CC833B8AF0ACFD35E6223 /* Products */ = {
			isa = PBXGroup;
			children = (
				320CC833B8AF0ACFD35E6224 /* libThree20Style.a */,
				B0E0670413A8BF9500C16279 /* StyleUnitTests.octest */,
			);
			name = Products;
			sourceTree = "<group>";
		};
		320D7DCCE32703ACAB9A45E3 /* Products */ = {
			isa = PBXGroup;
			children = (
				320D7DCCE32703ACAB9A45E4 /* libThree20.a */,
				B0E066FB13A8BF9500C16279 /* Three20UnitTests.octest */,
			);
			name = Products;
			sourceTree = "<group>";
		};
		320F2C48872C2E2C4DF86203 /* Products */ = {
			isa = PBXGroup;
			children = (
				320F2C48872C2E2C4DF86204 /* libThree20UI.a */,
				B0E0670713A8BF9500C16279 /* UIUnitTests.octest */,
			);
			name = Products;
			sourceTree = "<group>";
		};
		B0E0666513A8BD5500C16279 = {
			isa = PBXGroup;
			children = (
				B0E8E63713A8DB8700F9BEBA /* UIKit.framework */,
				B0E0667A13A8BD5500C16279 /* three20MacSample */,
				B0E0669513A8BD5600C16279 /* three20MacSampleTests */,
				B0E0667313A8BD5500C16279 /* Frameworks */,
				B0E8E63913A8DB9F00F9BEBA /* UIKit.framework */,
				B0E0667113A8BD5500C16279 /* Products */,
			);
			sourceTree = "<group>";
		};
		B0E0667113A8BD5500C16279 /* Products */ = {
			isa = PBXGroup;
			children = (
				B0E0667013A8BD5500C16279 /* three20MacSample.app */,
				B0E0669113A8BD5600C16279 /* three20MacSampleTests.octest */,
			);
			name = Products;
			sourceTree = "<group>";
		};
		B0E0667313A8BD5500C16279 /* Frameworks */ = {
			isa = PBXGroup;
			children = (
				3201088596B4756681693700 /* Three20UICommon.xcodeproj */,
				320D7DCCE32703ACAB9A45E0 /* Three20.xcodeproj */,
				320A737074758E53BA54BE90 /* Three20UINavigator.xcodeproj */,
				320A2827FEC940B25BC42C60 /* Three20Core.xcodeproj */,
				320F2C48872C2E2C4DF86200 /* Three20UI.xcodeproj */,
				320AF8492C47A4D819F7C450 /* QuartzCore.framework */,
				320A5A189C235877202780D0 /* Three20Network.xcodeproj */,
				320CC833B8AF0ACFD35E6220 /* Three20Style.xcodeproj */,
				B0E0667413A8BD5500C16279 /* Cocoa.framework */,
				B0E0667613A8BD5500C16279 /* Other Frameworks */,
			);
			name = Frameworks;
			sourceTree = "<group>";
		};
		B0E0667613A8BD5500C16279 /* Other Frameworks */ = {
			isa = PBXGroup;
			children = (
				B0E0667713A8BD5500C16279 /* AppKit.framework */,
				B0E0667813A8BD5500C16279 /* CoreData.framework */,
				B0E0667913A8BD5500C16279 /* Foundation.framework */,
			);
			name = "Other Frameworks";
			sourceTree = "<group>";
		};
		B0E0667A13A8BD5500C16279 /* three20MacSample */ = {
			isa = PBXGroup;
			children = (
				B0E8E64613A8E2E800F9BEBA /* loading.png */,
				B0E066A913A8BD9D00C16279 /* Dependencies */,
				B0E066A813A8BD8500C16279 /* TTImageViewMac */,
				B0E0668613A8BD5500C16279 /* three20MacSampleAppDelegate.h */,
				B0E0668713A8BD5500C16279 /* three20MacSampleAppDelegate.m */,
				B0E0668913A8BD5500C16279 /* MainMenu.xib */,
				B0E0667B13A8BD5500C16279 /* Supporting Files */,
			);
			path = three20MacSample;
			sourceTree = "<group>";
		};
		B0E0667B13A8BD5500C16279 /* Supporting Files */ = {
			isa = PBXGroup;
			children = (
				320B6C86F11D9990244A9730 /* Three20.bundle */,
				B0E0667C13A8BD5500C16279 /* three20MacSample-Info.plist */,
				B0E0667D13A8BD5500C16279 /* InfoPlist.strings */,
				B0E0668013A8BD5500C16279 /* three20MacSample-Prefix.pch */,
				B0E0668113A8BD5500C16279 /* main.m */,
				B0E0668313A8BD5500C16279 /* Credits.rtf */,
			);
			name = "Supporting Files";
			sourceTree = "<group>";
		};
		B0E0669513A8BD5600C16279 /* three20MacSampleTests */ = {
			isa = PBXGroup;
			children = (
				B0E0669C13A8BD5600C16279 /* three20MacSampleTests.h */,
				B0E0669E13A8BD5600C16279 /* three20MacSampleTests.m */,
				B0E0669613A8BD5600C16279 /* Supporting Files */,
			);
			path = three20MacSampleTests;
			sourceTree = "<group>";
		};
		B0E0669613A8BD5600C16279 /* Supporting Files */ = {
			isa = PBXGroup;
			children = (
				B0E0669713A8BD5600C16279 /* three20MacSampleTests-Info.plist */,
				B0E0669813A8BD5600C16279 /* InfoPlist.strings */,
				B0E0669B13A8BD5600C16279 /* three20MacSampleTests-Prefix.pch */,
			);
			name = "Supporting Files";
			sourceTree = "<group>";
		};
		B0E066A813A8BD8500C16279 /* TTImageViewMac */ = {
			isa = PBXGroup;
			children = (
				B0E8E63B13A8DBC200F9BEBA /* TTImageViewMac.h */,
				B0E8E63C13A8DBC200F9BEBA /* TTImageViewMac.m */,
			);
			name = TTImageViewMac;
			sourceTree = "<group>";
		};
		B0E066A913A8BD9D00C16279 /* Dependencies */ = {
			isa = PBXGroup;
			children = (
				B0E066AA13A8BEC800C16279 /* UIKit.xcodeproj */,
			);
			name = Dependencies;
			sourceTree = "<group>";
		};
		B0E066AB13A8BEC800C16279 /* Products */ = {
			isa = PBXGroup;
			children = (
				B0E066B213A8BEC900C16279 /* UIKit.framework */,
			);
			name = Products;
			sourceTree = "<group>";
		};
/* End PBXGroup section */

/* Begin PBXNativeTarget section */
		B0E0666F13A8BD5500C16279 /* three20MacSample */ = {
			isa = PBXNativeTarget;
			buildConfigurationList = B0E066A213A8BD5600C16279 /* Build configuration list for PBXNativeTarget "three20MacSample" */;
			buildPhases = (
				B0E0666C13A8BD5500C16279 /* Sources */,
				B0E0666D13A8BD5500C16279 /* Frameworks */,
				B0E0666E13A8BD5500C16279 /* Resources */,
				B0E0671B13A8C0F300C16279 /* CopyFiles */,
			);
			buildRules = (
			);
			dependencies = (
				B0E8E63413A8DB4E00F9BEBA /* PBXTargetDependency */,
				3201088596B4756681693701 /* PBXTargetDependency */,
				320D7DCCE32703ACAB9A45E1 /* PBXTargetDependency */,
				320A737074758E53BA54BE91 /* PBXTargetDependency */,
				320A2827FEC940B25BC42C61 /* PBXTargetDependency */,
				320F2C48872C2E2C4DF86201 /* PBXTargetDependency */,
				320A5A189C235877202780D1 /* PBXTargetDependency */,
				320CC833B8AF0ACFD35E6221 /* PBXTargetDependency */,
			);
			name = three20MacSample;
			productName = three20MacSample;
			productReference = B0E0667013A8BD5500C16279 /* three20MacSample.app */;
			productType = "com.apple.product-type.application";
		};
		B0E0669013A8BD5600C16279 /* three20MacSampleTests */ = {
			isa = PBXNativeTarget;
			buildConfigurationList = B0E066A513A8BD5600C16279 /* Build configuration list for PBXNativeTarget "three20MacSampleTests" */;
			buildPhases = (
				B0E0668C13A8BD5600C16279 /* Sources */,
				B0E0668D13A8BD5600C16279 /* Frameworks */,
				B0E0668E13A8BD5600C16279 /* Resources */,
				B0E0668F13A8BD5600C16279 /* ShellScript */,
			);
			buildRules = (
			);
			dependencies = (
				B0E0669413A8BD5600C16279 /* PBXTargetDependency */,
			);
			name = three20MacSampleTests;
			productName = three20MacSampleTests;
			productReference = B0E0669113A8BD5600C16279 /* three20MacSampleTests.octest */;
			productType = "com.apple.product-type.bundle";
		};
/* End PBXNativeTarget section */

/* Begin PBXProject section */
		B0E0666713A8BD5500C16279 /* Project object */ = {
			isa = PBXProject;
			attributes = {
				ORGANIZATIONNAME = "CDI 76";
			};
			buildConfigurationList = B0E0666A13A8BD5500C16279 /* Build configuration list for PBXProject "three20MacSample" */;
			compatibilityVersion = "Xcode 3.2";
			developmentRegion = English;
			hasScannedForEncodings = 0;
			knownRegions = (
				en,
			);
			mainGroup = B0E0666513A8BD5500C16279;
			productRefGroup = B0E0667113A8BD5500C16279 /* Products */;
			projectDirPath = "";
			projectReferences = (
				{
					ProductGroup = 320D7DCCE32703ACAB9A45E3 /* Products */;
					ProjectRef = 320D7DCCE32703ACAB9A45E0 /* Three20.xcodeproj */;
				},
				{
					ProductGroup = 320A2827FEC940B25BC42C63 /* Products */;
					ProjectRef = 320A2827FEC940B25BC42C60 /* Three20Core.xcodeproj */;
				},
				{
					ProductGroup = 320A5A189C235877202780D3 /* Products */;
					ProjectRef = 320A5A189C235877202780D0 /* Three20Network.xcodeproj */;
				},
				{
					ProductGroup = 320CC833B8AF0ACFD35E6223 /* Products */;
					ProjectRef = 320CC833B8AF0ACFD35E6220 /* Three20Style.xcodeproj */;
				},
				{
					ProductGroup = 320F2C48872C2E2C4DF86203 /* Products */;
					ProjectRef = 320F2C48872C2E2C4DF86200 /* Three20UI.xcodeproj */;
				},
				{
					ProductGroup = 3201088596B4756681693703 /* Products */;
					ProjectRef = 3201088596B4756681693700 /* Three20UICommon.xcodeproj */;
				},
				{
					ProductGroup = 320A737074758E53BA54BE93 /* Products */;
					ProjectRef = 320A737074758E53BA54BE90 /* Three20UINavigator.xcodeproj */;
				},
				{
					ProductGroup = B0E066AB13A8BEC800C16279 /* Products */;
					ProjectRef = B0E066AA13A8BEC800C16279 /* UIKit.xcodeproj */;
				},
			);
			projectRoot = "";
			targets = (
				B0E0666F13A8BD5500C16279 /* three20MacSample */,
				B0E0669013A8BD5600C16279 /* three20MacSampleTests */,
			);
		};
/* End PBXProject section */

/* Begin PBXReferenceProxy section */
		3201088596B4756681693704 /* libThree20UICommon.a */ = {
			isa = PBXReferenceProxy;
			fileType = archive.ar;
			path = libThree20UICommon.a;
			remoteRef = 3201088596B4756681693706 /* PBXContainerItemProxy */;
			sourceTree = BUILT_PRODUCTS_DIR;
		};
		320A2827FEC940B25BC42C64 /* libThree20Core.a */ = {
			isa = PBXReferenceProxy;
			fileType = archive.ar;
			path = libThree20Core.a;
			remoteRef = 320A2827FEC940B25BC42C66 /* PBXContainerItemProxy */;
			sourceTree = BUILT_PRODUCTS_DIR;
		};
		320A5A189C235877202780D4 /* libThree20Network.a */ = {
			isa = PBXReferenceProxy;
			fileType = archive.ar;
			path = libThree20Network.a;
			remoteRef = 320A5A189C235877202780D6 /* PBXContainerItemProxy */;
			sourceTree = BUILT_PRODUCTS_DIR;
		};
		320A737074758E53BA54BE94 /* libThree20UINavigator.a */ = {
			isa = PBXReferenceProxy;
			fileType = archive.ar;
			path = libThree20UINavigator.a;
			remoteRef = 320A737074758E53BA54BE96 /* PBXContainerItemProxy */;
			sourceTree = BUILT_PRODUCTS_DIR;
		};
		320CC833B8AF0ACFD35E6224 /* libThree20Style.a */ = {
			isa = PBXReferenceProxy;
			fileType = archive.ar;
			path = libThree20Style.a;
			remoteRef = 320CC833B8AF0ACFD35E6226 /* PBXContainerItemProxy */;
			sourceTree = BUILT_PRODUCTS_DIR;
		};
		320D7DCCE32703ACAB9A45E4 /* libThree20.a */ = {
			isa = PBXReferenceProxy;
			fileType = archive.ar;
			path = libThree20.a;
			remoteRef = 320D7DCCE32703ACAB9A45E6 /* PBXContainerItemProxy */;
			sourceTree = BUILT_PRODUCTS_DIR;
		};
		320F2C48872C2E2C4DF86204 /* libThree20UI.a */ = {
			isa = PBXReferenceProxy;
			fileType = archive.ar;
			path = libThree20UI.a;
			remoteRef = 320F2C48872C2E2C4DF86206 /* PBXContainerItemProxy */;
			sourceTree = BUILT_PRODUCTS_DIR;
		};
		B0E066B213A8BEC900C16279 /* UIKit.framework */ = {
			isa = PBXReferenceProxy;
			fileType = wrapper.framework;
			path = UIKit.framework;
			remoteRef = B0E066B113A8BEC900C16279 /* PBXContainerItemProxy */;
			sourceTree = BUILT_PRODUCTS_DIR;
		};
		B0E066FB13A8BF9500C16279 /* Three20UnitTests.octest */ = {
			isa = PBXReferenceProxy;
			fileType = wrapper.cfbundle;
			path = Three20UnitTests.octest;
			remoteRef = B0E066FA13A8BF9500C16279 /* PBXContainerItemProxy */;
			sourceTree = BUILT_PRODUCTS_DIR;
		};
		B0E066FE13A8BF9500C16279 /* CoreUnitTests.octest */ = {
			isa = PBXReferenceProxy;
			fileType = wrapper.cfbundle;
			path = CoreUnitTests.octest;
			remoteRef = B0E066FD13A8BF9500C16279 /* PBXContainerItemProxy */;
			sourceTree = BUILT_PRODUCTS_DIR;
		};
		B0E0670113A8BF9500C16279 /* NetworkUnitTests.octest */ = {
			isa = PBXReferenceProxy;
			fileType = wrapper.cfbundle;
			path = NetworkUnitTests.octest;
			remoteRef = B0E0670013A8BF9500C16279 /* PBXContainerItemProxy */;
			sourceTree = BUILT_PRODUCTS_DIR;
		};
		B0E0670413A8BF9500C16279 /* StyleUnitTests.octest */ = {
			isa = PBXReferenceProxy;
			fileType = wrapper.cfbundle;
			path = StyleUnitTests.octest;
			remoteRef = B0E0670313A8BF9500C16279 /* PBXContainerItemProxy */;
			sourceTree = BUILT_PRODUCTS_DIR;
		};
		B0E0670713A8BF9500C16279 /* UIUnitTests.octest */ = {
			isa = PBXReferenceProxy;
			fileType = wrapper.cfbundle;
			path = UIUnitTests.octest;
			remoteRef = B0E0670613A8BF9500C16279 /* PBXContainerItemProxy */;
			sourceTree = BUILT_PRODUCTS_DIR;
		};
		B0E0670A13A8BF9500C16279 /* UICommonUnitTests.octest */ = {
			isa = PBXReferenceProxy;
			fileType = wrapper.cfbundle;
			path = UICommonUnitTests.octest;
			remoteRef = B0E0670913A8BF9500C16279 /* PBXContainerItemProxy */;
			sourceTree = BUILT_PRODUCTS_DIR;
		};
		B0E0670D13A8BF9500C16279 /* UINavigatorUnitTests.octest */ = {
			isa = PBXReferenceProxy;
			fileType = wrapper.cfbundle;
			path = UINavigatorUnitTests.octest;
			remoteRef = B0E0670C13A8BF9500C16279 /* PBXContainerItemProxy */;
			sourceTree = BUILT_PRODUCTS_DIR;
		};
/* End PBXReferenceProxy section */

/* Begin PBXResourcesBuildPhase section */
		B0E0666E13A8BD5500C16279 /* Resources */ = {
			isa = PBXResourcesBuildPhase;
			buildActionMask = 2147483647;
			files = (
				320B6C86F11D9990244A9731 /* Three20.bundle in Resources */,
				B0E0667F13A8BD5500C16279 /* InfoPlist.strings in Resources */,
				B0E0668513A8BD5500C16279 /* Credits.rtf in Resources */,
				B0E0668B13A8BD5500C16279 /* MainMenu.xib in Resources */,
				B0E8E64713A8E2E900F9BEBA /* loading.png in Resources */,
			);
			runOnlyForDeploymentPostprocessing = 0;
		};
		B0E0668E13A8BD5600C16279 /* Resources */ = {
			isa = PBXResourcesBuildPhase;
			buildActionMask = 2147483647;
			files = (
				B0E0669A13A8BD5600C16279 /* InfoPlist.strings in Resources */,
				B0E0669D13A8BD5600C16279 /* three20MacSampleTests.h in Resources */,
			);
			runOnlyForDeploymentPostprocessing = 0;
		};
/* End PBXResourcesBuildPhase section */

/* Begin PBXShellScriptBuildPhase section */
		B0E0668F13A8BD5600C16279 /* ShellScript */ = {
			isa = PBXShellScriptBuildPhase;
			buildActionMask = 2147483647;
			files = (
			);
			inputPaths = (
			);
			outputPaths = (
			);
			runOnlyForDeploymentPostprocessing = 0;
			shellPath = /bin/sh;
			shellScript = "# Run the unit tests in this test bundle.\n\"${SYSTEM_DEVELOPER_DIR}/Tools/RunUnitTests\"\n";
		};
/* End PBXShellScriptBuildPhase section */

/* Begin PBXSourcesBuildPhase section */
		B0E0666C13A8BD5500C16279 /* Sources */ = {
			isa = PBXSourcesBuildPhase;
			buildActionMask = 2147483647;
			files = (
				B0E0668213A8BD5500C16279 /* main.m in Sources */,
				B0E0668813A8BD5500C16279 /* three20MacSampleAppDelegate.m in Sources */,
				B0E8E63D13A8DBC200F9BEBA /* TTImageViewMac.m in Sources */,
			);
			runOnlyForDeploymentPostprocessing = 0;
		};
		B0E0668C13A8BD5600C16279 /* Sources */ = {
			isa = PBXSourcesBuildPhase;
			buildActionMask = 2147483647;
			files = (
				B0E0669F13A8BD5600C16279 /* three20MacSampleTests.m in Sources */,
			);
			runOnlyForDeploymentPostprocessing = 0;
		};
/* End PBXSourcesBuildPhase section */

/* Begin PBXTargetDependency section */
		3201088596B4756681693701 /* PBXTargetDependency */ = {
			isa = PBXTargetDependency;
			name = Three20UICommon;
			targetProxy = 3201088596B4756681693702 /* PBXContainerItemProxy */;
		};
		320A2827FEC940B25BC42C61 /* PBXTargetDependency */ = {
			isa = PBXTargetDependency;
			name = Three20Core;
			targetProxy = 320A2827FEC940B25BC42C62 /* PBXContainerItemProxy */;
		};
		320A5A189C235877202780D1 /* PBXTargetDependency */ = {
			isa = PBXTargetDependency;
			name = Three20Network;
			targetProxy = 320A5A189C235877202780D2 /* PBXContainerItemProxy */;
		};
		320A737074758E53BA54BE91 /* PBXTargetDependency */ = {
			isa = PBXTargetDependency;
			name = Three20UINavigator;
			targetProxy = 320A737074758E53BA54BE92 /* PBXContainerItemProxy */;
		};
		320CC833B8AF0ACFD35E6221 /* PBXTargetDependency */ = {
			isa = PBXTargetDependency;
			name = Three20Style;
			targetProxy = 320CC833B8AF0ACFD35E6222 /* PBXContainerItemProxy */;
		};
		320D7DCCE32703ACAB9A45E1 /* PBXTargetDependency */ = {
			isa = PBXTargetDependency;
			name = Three20;
			targetProxy = 320D7DCCE32703ACAB9A45E2 /* PBXContainerItemProxy */;
		};
		320F2C48872C2E2C4DF86201 /* PBXTargetDependency */ = {
			isa = PBXTargetDependency;
			name = Three20UI;
			targetProxy = 320F2C48872C2E2C4DF86202 /* PBXContainerItemProxy */;
		};
		B0E0669413A8BD5600C16279 /* PBXTargetDependency */ = {
			isa = PBXTargetDependency;
			target = B0E0666F13A8BD5500C16279 /* three20MacSample */;
			targetProxy = B0E0669313A8BD5600C16279 /* PBXContainerItemProxy */;
		};
		B0E8E63413A8DB4E00F9BEBA /* PBXTargetDependency */ = {
			isa = PBXTargetDependency;
			name = UIKit;
			targetProxy = B0E8E63313A8DB4E00F9BEBA /* PBXContainerItemProxy */;
		};
/* End PBXTargetDependency section */

/* Begin PBXVariantGroup section */
		B0E0667D13A8BD5500C16279 /* InfoPlist.strings */ = {
			isa = PBXVariantGroup;
			children = (
				B0E0667E13A8BD5500C16279 /* en */,
			);
			name = InfoPlist.strings;
			sourceTree = "<group>";
		};
		B0E0668313A8BD5500C16279 /* Credits.rtf */ = {
			isa = PBXVariantGroup;
			children = (
				B0E0668413A8BD5500C16279 /* en */,
			);
			name = Credits.rtf;
			sourceTree = "<group>";
		};
		B0E0668913A8BD5500C16279 /* MainMenu.xib */ = {
			isa = PBXVariantGroup;
			children = (
				B0E0668A13A8BD5500C16279 /* en */,
			);
			name = MainMenu.xib;
			sourceTree = "<group>";
		};
		B0E0669813A8BD5600C16279 /* InfoPlist.strings */ = {
			isa = PBXVariantGroup;
			children = (
				B0E0669913A8BD5600C16279 /* en */,
			);
			name = InfoPlist.strings;
			sourceTree = "<group>";
		};
/* End PBXVariantGroup section */

/* Begin XCBuildConfiguration section */
		B0E066A013A8BD5600C16279 /* Debug */ = {
			isa = XCBuildConfiguration;
			buildSettings = {
				ARCHS = "$(ARCHS_STANDARD_32_64_BIT)";
				GCC_C_LANGUAGE_STANDARD = gnu99;
				GCC_OPTIMIZATION_LEVEL = 0;
				GCC_PREPROCESSOR_DEFINITIONS = DEBUG;
				GCC_SYMBOLS_PRIVATE_EXTERN = NO;
				GCC_VERSION = com.apple.compilers.llvm.clang.1_0;
				GCC_WARN_64_TO_32_BIT_CONVERSION = YES;
				GCC_WARN_ABOUT_RETURN_TYPE = YES;
				GCC_WARN_UNUSED_VARIABLE = YES;
				HEADER_SEARCH_PATHS = (
					"$(BUILT_PRODUCTS_DIR)/../three20",
					"$(BUILT_PRODUCTS_DIR)/../../three20",
					../three20/Build/Products/three20,
				);
				MACOSX_DEPLOYMENT_TARGET = 10.6;
				ONLY_ACTIVE_ARCH = YES;
				OTHER_LDFLAGS = "-ObjC";
				SDKROOT = macosx;
			};
			name = Debug;
		};
		B0E066A113A8BD5600C16279 /* Release */ = {
			isa = XCBuildConfiguration;
			buildSettings = {
				ARCHS = "$(ARCHS_STANDARD_32_64_BIT)";
				GCC_C_LANGUAGE_STANDARD = gnu99;
				GCC_VERSION = com.apple.compilers.llvm.clang.1_0;
				GCC_WARN_64_TO_32_BIT_CONVERSION = YES;
				GCC_WARN_ABOUT_RETURN_TYPE = YES;
				GCC_WARN_UNUSED_VARIABLE = YES;
				HEADER_SEARCH_PATHS = (
					"$(BUILT_PRODUCTS_DIR)/../three20",
					"$(BUILT_PRODUCTS_DIR)/../../three20",
					../three20/Build/Products/three20,
				);
				MACOSX_DEPLOYMENT_TARGET = 10.6;
				OTHER_LDFLAGS = "-ObjC";
				SDKROOT = macosx;
			};
			name = Release;
		};
		B0E066A313A8BD5600C16279 /* Debug */ = {
			isa = XCBuildConfiguration;
			buildSettings = {
				ALWAYS_SEARCH_USER_PATHS = NO;
				COPY_PHASE_STRIP = NO;
				FRAMEWORK_SEARCH_PATHS = (
					"$(inherited)",
					"\"$(SRCROOT)\"",
				);
				GCC_DYNAMIC_NO_PIC = NO;
				GCC_ENABLE_OBJC_EXCEPTIONS = YES;
				GCC_PRECOMPILE_PREFIX_HEADER = YES;
				GCC_PREFIX_HEADER = "three20MacSample/three20MacSample-Prefix.pch";
				INFOPLIST_FILE = "three20MacSample/three20MacSample-Info.plist";
				PRODUCT_NAME = "$(TARGET_NAME)";
				WRAPPER_EXTENSION = app;
			};
			name = Debug;
		};
		B0E066A413A8BD5600C16279 /* Release */ = {
			isa = XCBuildConfiguration;
			buildSettings = {
				ALWAYS_SEARCH_USER_PATHS = NO;
				COPY_PHASE_STRIP = YES;
				DEBUG_INFORMATION_FORMAT = "dwarf-with-dsym";
				FRAMEWORK_SEARCH_PATHS = (
					"$(inherited)",
					"\"$(SRCROOT)\"",
				);
				GCC_ENABLE_OBJC_EXCEPTIONS = YES;
				GCC_PRECOMPILE_PREFIX_HEADER = YES;
				GCC_PREFIX_HEADER = "three20MacSample/three20MacSample-Prefix.pch";
				INFOPLIST_FILE = "three20MacSample/three20MacSample-Info.plist";
				PRODUCT_NAME = "$(TARGET_NAME)";
				WRAPPER_EXTENSION = app;
			};
			name = Release;
		};
		B0E066A613A8BD5600C16279 /* Debug */ = {
			isa = XCBuildConfiguration;
			buildSettings = {
				ALWAYS_SEARCH_USER_PATHS = NO;
				BUNDLE_LOADER = "$(BUILT_PRODUCTS_DIR)/three20MacSample.app/Contents/MacOS/three20MacSample";
				COPY_PHASE_STRIP = NO;
				FRAMEWORK_SEARCH_PATHS = "$(DEVELOPER_LIBRARY_DIR)/Frameworks";
				GCC_DYNAMIC_NO_PIC = NO;
				GCC_ENABLE_OBJC_EXCEPTIONS = YES;
				GCC_PRECOMPILE_PREFIX_HEADER = YES;
				GCC_PREFIX_HEADER = "three20MacSampleTests/three20MacSampleTests-Prefix.pch";
				INFOPLIST_FILE = "three20MacSampleTests/three20MacSampleTests-Info.plist";
				OTHER_LDFLAGS = (
					"-framework",
					SenTestingKit,
				);
				PRODUCT_NAME = "$(TARGET_NAME)";
				TEST_HOST = "$(BUNDLE_LOADER)";
				WRAPPER_EXTENSION = octest;
			};
			name = Debug;
		};
		B0E066A713A8BD5600C16279 /* Release */ = {
			isa = XCBuildConfiguration;
			buildSettings = {
				ALWAYS_SEARCH_USER_PATHS = NO;
				BUNDLE_LOADER = "$(BUILT_PRODUCTS_DIR)/three20MacSample.app/Contents/MacOS/three20MacSample";
				COPY_PHASE_STRIP = YES;
				DEBUG_INFORMATION_FORMAT = "dwarf-with-dsym";
				FRAMEWORK_SEARCH_PATHS = "$(DEVELOPER_LIBRARY_DIR)/Frameworks";
				GCC_ENABLE_OBJC_EXCEPTIONS = YES;
				GCC_PRECOMPILE_PREFIX_HEADER = YES;
				GCC_PREFIX_HEADER = "three20MacSampleTests/three20MacSampleTests-Prefix.pch";
				INFOPLIST_FILE = "three20MacSampleTests/three20MacSampleTests-Info.plist";
				OTHER_LDFLAGS = (
					"-framework",
					SenTestingKit,
				);
				PRODUCT_NAME = "$(TARGET_NAME)";
				TEST_HOST = "$(BUNDLE_LOADER)";
				WRAPPER_EXTENSION = octest;
			};
			name = Release;
		};
/* End XCBuildConfiguration section */

/* Begin XCConfigurationList section */
		B0E0666A13A8BD5500C16279 /* Build configuration list for PBXProject "three20MacSample" */ = {
			isa = XCConfigurationList;
			buildConfigurations = (
				B0E066A013A8BD5600C16279 /* Debug */,
				B0E066A113A8BD5600C16279 /* Release */,
			);
			defaultConfigurationIsVisible = 0;
			defaultConfigurationName = Release;
		};
		B0E066A213A8BD5600C16279 /* Build configuration list for PBXNativeTarget "three20MacSample" */ = {
			isa = XCConfigurationList;
			buildConfigurations = (
				B0E066A313A8BD5600C16279 /* Debug */,
				B0E066A413A8BD5600C16279 /* Release */,
			);
			defaultConfigurationIsVisible = 0;
			defaultConfigurationName = Release;
		};
		B0E066A513A8BD5600C16279 /* Build configuration list for PBXNativeTarget "three20MacSampleTests" */ = {
			isa = XCConfigurationList;
			buildConfigurations = (
				B0E066A613A8BD5600C16279 /* Debug */,
				B0E066A713A8BD5600C16279 /* Release */,
			);
			defaultConfigurationIsVisible = 0;
			defaultConfigurationName = Release;
		};
/* End XCConfigurationList section */
	};
	rootObject = B0E0666713A8BD5500C16279 /* Project object */;
}
